
Microsoft Visual Studio Solution File, Format Version 12.00
# Visual Studio 2013
VisualStudioVersion = 12.0.30110.0
MinimumVisualStudioVersion = 10.0.40219.1
Project("{FAE04EC0-301F-11D3-BF4B-00C04F79EFBC}") = "CodeWarrior.Service", "CodeWarrior.Service\CodeWarrior.Service.csproj", "{B047E523-D95B-4D14-838F-67C58694D791}"
EndProject
Project("{FAE04EC0-301F-11D3-BF4B-00C04F79EFBC}") = "CodeWarrior.Service.Tests", "CodeWarrior.Service.Tests\CodeWarrior.Service.Tests.csproj", "{CDFCC20E-8E83-4E6E-B034-61B560A0152A}"
EndProject
Project("{2150E333-8FDC-42A3-9474-1A3956D46DE8}") = "1. Presentation Layer", "1. Presentation Layer", "{FFE1DCAC-78FD-4040-B529-06B479612DD5}"
EndProject
Project("{2150E333-8FDC-42A3-9474-1A3956D46DE8}") = "3. Service Layer", "3. Service Layer", "{2302FA34-70B3-4A9B-8339-3280F444D0F7}"
EndProject
Project("{2150E333-8FDC-42A3-9474-1A3956D46DE8}") = "4. Data Objects", "4. Data Objects", "{B1BF4A2A-593B-41E8-BADF-EB5459A68D01}"
EndProject
Project("{2150E333-8FDC-42A3-9474-1A3956D46DE8}") = "6. Testing", "6. Testing", "{2A04120B-1FE1-45E1-8723-AC489A991C29}"
	ProjectSection(SolutionItems) = preProject
		xUnit.txt = xUnit.txt
	EndProjectSection
EndProject
Project("{2150E333-8FDC-42A3-9474-1A3956D46DE8}") = "2. Business Objects", "2. Business Objects", "{BA23BE7B-D398-4462-9742-37208BB3B5AE}"
EndProject
Project("{2150E333-8FDC-42A3-9474-1A3956D46DE8}") = "5. Data Layer", "5. Data Layer", "{B38B942F-9A9F-4201-A020-E3F1C41166C3}"
EndProject
Project("{FAE04EC0-301F-11D3-BF4B-00C04F79EFBC}") = "CodeWarrior.Web", "CodeWarrior.Web\CodeWarrior.Web.csproj", "{40DAD614-3532-4F10-9901-81F82ED25551}"
EndProject
Project("{FAE04EC0-301F-11D3-BF4B-00C04F79EFBC}") = "CodeWarrior.Web.Tests", "CodeWarrior.Web.Tests\CodeWarrior.Web.Tests.csproj", "{39484806-14A5-4820-809B-6540B0E3DD38}"
EndProject
Project("{FAE04EC0-301F-11D3-BF4B-00C04F79EFBC}") = "CodeWarrior.Data.Core", "CodeWarrior.Data.Core\CodeWarrior.Data.Core.csproj", "{27F6F5FF-6E02-4CAA-9054-71048BE5052B}"
EndProject
Project("{2150E333-8FDC-42A3-9474-1A3956D46DE8}") = "MongoDB", "MongoDB", "{241E88CE-67F0-4A0E-A500-6E6AAF8911E9}"
EndProject
Project("{FAE04EC0-301F-11D3-BF4B-00C04F79EFBC}") = "CodeWarrior.Data.MongoDB", "CodeWarrior.Data.MongoDB\CodeWarrior.Data.MongoDB.csproj", "{38C0763E-3C31-433C-8170-DAEE098ABB11}"
EndProject
Project("{2150E333-8FDC-42A3-9474-1A3956D46DE8}") = "MSSQL", "MSSQL", "{C1100240-EFAB-48FC-9FA5-4084A8EEB313}"
EndProject
Project("{FAE04EC0-301F-11D3-BF4B-00C04F79EFBC}") = "CodeWarrior.Data.MSSQL", "CodeWarrior.Data.MSSQL\CodeWarrior.Data.MSSQL.csproj", "{91136C92-B552-4163-9B37-06903DB4A8B4}"
EndProject
Project("{2150E333-8FDC-42A3-9474-1A3956D46DE8}") = "Presentation", "Presentation", "{31B97069-AF93-4707-B1D0-B242FCFD4CA6}"
EndProject
Project("{2150E333-8FDC-42A3-9474-1A3956D46DE8}") = "Service", "Service", "{FE56195B-0815-4895-9355-E0A1B685167C}"
EndProject
Project("{2150E333-8FDC-42A3-9474-1A3956D46DE8}") = "Data", "Data", "{44663BB7-7D5B-438F-8CCD-605AC4869854}"
EndProject
Project("{FAE04EC0-301F-11D3-BF4B-00C04F79EFBC}") = "CodeWarrior.Data.MongoDB.Tests", "CodeWarrior.Data.MongoDB.Tests\CodeWarrior.Data.MongoDB.Tests.csproj", "{76CB662F-5B11-41EC-BBCA-5D767EAD886A}"
EndProject
Project("{FAE04EC0-301F-11D3-BF4B-00C04F79EFBC}") = "CodeWarrior.Data.MSSQL.Tests", "CodeWarrior.Data.MSSQL.Tests\CodeWarrior.Data.MSSQL.Tests.csproj", "{67429284-5222-46C4-A086-299658592B60}"
EndProject
Project("{FAE04EC0-301F-11D3-BF4B-00C04F79EFBC}") = "CodeWarrior.Business.Model", "CodeWarrior.Business.Model\CodeWarrior.Business.Model.csproj", "{3F8E8693-0867-403D-AC70-91B6BEFB89DA}"
EndProject
Project("{2150E333-8FDC-42A3-9474-1A3956D46DE8}") = "7. Utilities", "7. Utilities", "{96EEFAC1-10A6-48B7-B184-9235E6338C0F}"
EndProject
Project("{2150E333-8FDC-42A3-9474-1A3956D46DE8}") = "Common Files", "Common Files", "{D5D8291F-0861-48B6-BB02-F5810BE308FF}"
EndProject
Project("{2150E333-8FDC-42A3-9474-1A3956D46DE8}") = "Design Pattern", "Design Pattern", "{457CDFAD-E429-4C72-9911-AB13ED199483}"
	ProjectSection(SolutionItems) = preProject
		CommonFiles\DesignPattern\IActorDecorator.cs = CommonFiles\DesignPattern\IActorDecorator.cs
	EndProjectSection
EndProject
Project("{2150E333-8FDC-42A3-9474-1A3956D46DE8}") = "Help", "Help", "{F8E9D66D-BEF0-4E97-B7F6-D7F28C92D45F}"
EndProject
Global
	GlobalSection(SolutionConfigurationPlatforms) = preSolution
		Debug|Any CPU = Debug|Any CPU
		Release|Any CPU = Release|Any CPU
	EndGlobalSection
	GlobalSection(ProjectConfigurationPlatforms) = postSolution
		{B047E523-D95B-4D14-838F-67C58694D791}.Debug|Any CPU.ActiveCfg = Debug|Any CPU
		{B047E523-D95B-4D14-838F-67C58694D791}.Debug|Any CPU.Build.0 = Debug|Any CPU
		{B047E523-D95B-4D14-838F-67C58694D791}.Release|Any CPU.ActiveCfg = Release|Any CPU
		{B047E523-D95B-4D14-838F-67C58694D791}.Release|Any CPU.Build.0 = Release|Any CPU
		{CDFCC20E-8E83-4E6E-B034-61B560A0152A}.Debug|Any CPU.ActiveCfg = Debug|Any CPU
		{CDFCC20E-8E83-4E6E-B034-61B560A0152A}.Debug|Any CPU.Build.0 = Debug|Any CPU
		{CDFCC20E-8E83-4E6E-B034-61B560A0152A}.Release|Any CPU.ActiveCfg = Release|Any CPU
		{CDFCC20E-8E83-4E6E-B034-61B560A0152A}.Release|Any CPU.Build.0 = Release|Any CPU
		{40DAD614-3532-4F10-9901-81F82ED25551}.Debug|Any CPU.ActiveCfg = Debug|Any CPU
		{40DAD614-3532-4F10-9901-81F82ED25551}.Debug|Any CPU.Build.0 = Debug|Any CPU
		{40DAD614-3532-4F10-9901-81F82ED25551}.Release|Any CPU.ActiveCfg = Release|Any CPU
		{40DAD614-3532-4F10-9901-81F82ED25551}.Release|Any CPU.Build.0 = Release|Any CPU
		{39484806-14A5-4820-809B-6540B0E3DD38}.Debug|Any CPU.ActiveCfg = Debug|Any CPU
		{39484806-14A5-4820-809B-6540B0E3DD38}.Debug|Any CPU.Build.0 = Debug|Any CPU
		{39484806-14A5-4820-809B-6540B0E3DD38}.Release|Any CPU.ActiveCfg = Release|Any CPU
		{39484806-14A5-4820-809B-6540B0E3DD38}.Release|Any CPU.Build.0 = Release|Any CPU
		{27F6F5FF-6E02-4CAA-9054-71048BE5052B}.Debug|Any CPU.ActiveCfg = Debug|Any CPU
		{27F6F5FF-6E02-4CAA-9054-71048BE5052B}.Debug|Any CPU.Build.0 = Debug|Any CPU
		{27F6F5FF-6E02-4CAA-9054-71048BE5052B}.Release|Any CPU.ActiveCfg = Release|Any CPU
		{27F6F5FF-6E02-4CAA-9054-71048BE5052B}.Release|Any CPU.Build.0 = Release|Any CPU
		{38C0763E-3C31-433C-8170-DAEE098ABB11}.Debug|Any CPU.ActiveCfg = Debug|Any CPU
		{38C0763E-3C31-433C-8170-DAEE098ABB11}.Debug|Any CPU.Build.0 = Debug|Any CPU
		{38C0763E-3C31-433C-8170-DAEE098ABB11}.Release|Any CPU.ActiveCfg = Release|Any CPU
		{38C0763E-3C31-433C-8170-DAEE098ABB11}.Release|Any CPU.Build.0 = Release|Any CPU
		{91136C92-B552-4163-9B37-06903DB4A8B4}.Debug|Any CPU.ActiveCfg = Debug|Any CPU
		{91136C92-B552-4163-9B37-06903DB4A8B4}.Debug|Any CPU.Build.0 = Debug|Any CPU
		{91136C92-B552-4163-9B37-06903DB4A8B4}.Release|Any CPU.ActiveCfg = Release|Any CPU
		{91136C92-B552-4163-9B37-06903DB4A8B4}.Release|Any CPU.Build.0 = Release|Any CPU
		{76CB662F-5B11-41EC-BBCA-5D767EAD886A}.Debug|Any CPU.ActiveCfg = Debug|Any CPU
		{76CB662F-5B11-41EC-BBCA-5D767EAD886A}.Debug|Any CPU.Build.0 = Debug|Any CPU
		{76CB662F-5B11-41EC-BBCA-5D767EAD886A}.Release|Any CPU.ActiveCfg = Release|Any CPU
		{76CB662F-5B11-41EC-BBCA-5D767EAD886A}.Release|Any CPU.Build.0 = Release|Any CPU
		{67429284-5222-46C4-A086-299658592B60}.Debug|Any CPU.ActiveCfg = Debug|Any CPU
		{67429284-5222-46C4-A086-299658592B60}.Debug|Any CPU.Build.0 = Debug|Any CPU
		{67429284-5222-46C4-A086-299658592B60}.Release|Any CPU.ActiveCfg = Release|Any CPU
		{67429284-5222-46C4-A086-299658592B60}.Release|Any CPU.Build.0 = Release|Any CPU
		{3F8E8693-0867-403D-AC70-91B6BEFB89DA}.Debug|Any CPU.ActiveCfg = Debug|Any CPU
		{3F8E8693-0867-403D-AC70-91B6BEFB89DA}.Debug|Any CPU.Build.0 = Debug|Any CPU
		{3F8E8693-0867-403D-AC70-91B6BEFB89DA}.Release|Any CPU.ActiveCfg = Release|Any CPU
		{3F8E8693-0867-403D-AC70-91B6BEFB89DA}.Release|Any CPU.Build.0 = Release|Any CPU
	EndGlobalSection
	GlobalSection(SolutionProperties) = preSolution
		HideSolutionNode = FALSE
	EndGlobalSection
	GlobalSection(NestedProjects) = preSolution
		{B047E523-D95B-4D14-838F-67C58694D791} = {2302FA34-70B3-4A9B-8339-3280F444D0F7}
		{FE56195B-0815-4895-9355-E0A1B685167C} = {2A04120B-1FE1-45E1-8723-AC489A991C29}
		{31B97069-AF93-4707-B1D0-B242FCFD4CA6} = {2A04120B-1FE1-45E1-8723-AC489A991C29}
		{44663BB7-7D5B-438F-8CCD-605AC4869854} = {2A04120B-1FE1-45E1-8723-AC489A991C29}
		{40DAD614-3532-4F10-9901-81F82ED25551} = {FFE1DCAC-78FD-4040-B529-06B479612DD5}
		{CDFCC20E-8E83-4E6E-B034-61B560A0152A} = {FE56195B-0815-4895-9355-E0A1B685167C}
		{3F8E8693-0867-403D-AC70-91B6BEFB89DA} = {BA23BE7B-D398-4462-9742-37208BB3B5AE}
		{27F6F5FF-6E02-4CAA-9054-71048BE5052B} = {B38B942F-9A9F-4201-A020-E3F1C41166C3}
		{241E88CE-67F0-4A0E-A500-6E6AAF8911E9} = {B38B942F-9A9F-4201-A020-E3F1C41166C3}
		{C1100240-EFAB-48FC-9FA5-4084A8EEB313} = {B38B942F-9A9F-4201-A020-E3F1C41166C3}
		{39484806-14A5-4820-809B-6540B0E3DD38} = {31B97069-AF93-4707-B1D0-B242FCFD4CA6}
		{38C0763E-3C31-433C-8170-DAEE098ABB11} = {241E88CE-67F0-4A0E-A500-6E6AAF8911E9}
		{91136C92-B552-4163-9B37-06903DB4A8B4} = {C1100240-EFAB-48FC-9FA5-4084A8EEB313}
		{76CB662F-5B11-41EC-BBCA-5D767EAD886A} = {44663BB7-7D5B-438F-8CCD-605AC4869854}
		{67429284-5222-46C4-A086-299658592B60} = {44663BB7-7D5B-438F-8CCD-605AC4869854}
		{457CDFAD-E429-4C72-9911-AB13ED199483} = {D5D8291F-0861-48B6-BB02-F5810BE308FF}
		{F8E9D66D-BEF0-4E97-B7F6-D7F28C92D45F} = {D5D8291F-0861-48B6-BB02-F5810BE308FF}
	EndGlobalSection
EndGlobal
